
Microsoft Visual Studio Solution File, Format Version 12.00
# Visual Studio 15
VisualStudioVersion = 15.0.26730.12
MinimumVisualStudioVersion = 10.0.40219.1
Project("{FAE04EC0-301F-11D3-BF4B-00C04F79EFBC}") = "IntelligentBankerEal", "IntelligentBankerEal\IntelligentBankerEal.csproj", "{AD1BE57C-FE07-4DCE-A6E5-FA2DEF5D7B42}"
EndProject
Global
	GlobalSection(SolutionConfigurationPlatforms) = preSolution
		Debug|Any CPU = Debug|Any CPU
		Release|Any CPU = Release|Any CPU
	EndGlobalSection
	GlobalSection(ProjectConfigurationPlatforms) = postSolution
		{AD1BE57C-FE07-4DCE-A6E5-FA2DEF5D7B42}.Debug|Any CPU.ActiveCfg = Debug|Any CPU
		{AD1BE57C-FE07-4DCE-A6E5-FA2DEF5D7B42}.Debug|Any CPU.Build.0 = Debug|Any CPU
		{AD1BE57C-FE07-4DCE-A6E5-FA2DEF5D7B42}.Release|Any CPU.ActiveCfg = Release|Any CPU
		{AD1BE57C-FE07-4DCE-A6E5-FA2DEF5D7B42}.Release|Any CPU.Build.0 = Release|Any CPU
	EndGlobalSection
	GlobalSection(SolutionProperties) = preSolution
		HideSolutionNode = FALSE
	EndGlobalSection
	GlobalSection(ExtensibilityGlobals) = postSolution
		SolutionGuid = {32FB472E-4666-4CA7-926F-596E0BCD2543}
	EndGlobalSection
EndGlobal
